PODS:
  - AFNetworking (3.2.1):
    - AFNetworking/NSURLSession (= 3.2.1)
    - AFNetworking/Reachability (= 3.2.1)
    - AFNetworking/Security (= 3.2.1)
    - AFNetworking/Serialization (= 3.2.1)
    - AFNetworking/UIKit (= 3.2.1)
  - AFNetworking/NSURLSession (3.2.1):
    - AFNetworking/Reachability
    - AFNetworking/Security
    - AFNetworking/Serialization
  - AFNetworking/Reachability (3.2.1)
  - AFNetworking/Security (3.2.1)
  - AFNetworking/Serialization (3.2.1)
  - AFNetworking/UIKit (3.2.1):
    - AFNetworking/NSURLSession
  - XFNetwork (0.0.1)

DEPENDENCIES:
  - AFNetworking (~> 3.2.1)
  - XFNetwork (from `./`)

SPEC REPOS:
  trunk:
    - AFNetworking

EXTERNAL SOURCES:
  XFNetwork:
    :path: "./"

SPEC CHECKSUMS:
  AFNetworking: b6f891fdfaed196b46c7a83cf209e09697b94057
  XFNetwork: 2ae0376032fb6e8acf8fb7aa727e90c556f06f80

PODFILE CHECKSUM: aec95e0db5919cfb014d80ef45d6f11cd14543ec

COCOAPODS: 1.8.3
