// !$*UTF8*$!
{
	archiveVersion = 1;
	classes = {
	};
	objectVersion = 50;
	objects = {

/* Begin PBXBuildFile section */
		6E08C85023D447AB00EB2E20 /* AppDelegate.m in Sources */ = {isa = PBXBuildFile; fileRef = 6E08C84F23D447AB00EB2E20 /* AppDelegate.m */; };
		6E08C85623D447AB00EB2E20 /* ViewController.m in Sources */ = {isa = PBXBuildFile; fileRef = 6E08C85523D447AB00EB2E20 /* ViewController.m */; };
		6E08C85923D447AB00EB2E20 /* Main.storyboard in Resources */ = {isa = PBXBuildFile; fileRef = 6E08C85723D447AB00EB2E20 /* Main.storyboard */; };
		6E08C85B23D447B000EB2E20 /* Assets.xcassets in Resources */ = {isa = PBXBuildFile; fileRef = 6E08C85A23D447B000EB2E20 /* Assets.xcassets */; };
		6E08C85E23D447B000EB2E20 /* LaunchScreen.storyboard in Resources */ = {isa = PBXBuildFile; fileRef = 6E08C85C23D447B000EB2E20 /* LaunchScreen.storyboard */; };
		6E08C86123D447B000EB2E20 /* main.m in Sources */ = {isa = PBXBuildFile; fileRef = 6E08C86023D447B000EB2E20 /* main.m */; };
		6E08C86C23D44FDD00EB2E20 /* TBService.m in Sources */ = {isa = PBXBuildFile; fileRef = 6E08C86B23D44FDD00EB2E20 /* TBService.m */; };
		6E08C86F23D44FE800EB2E20 /* TBReformer.m in Sources */ = {isa = PBXBuildFile; fileRef = 6E08C86E23D44FE800EB2E20 /* TBReformer.m */; };
		F2DCAD8B2ADFD2B08A0F97AF /* libPods-XFNetwork-master.a in Frameworks */ = {isa = PBXBuildFile; fileRef = 95353C145C7015254B3420A5 /* libPods-XFNetwork-master.a */; };
/* End PBXBuildFile section */

/* Begin PBXFileReference section */
		509F09D025EC83ACC13D8BC2 /* Pods-XFNetwork-master.release.xcconfig */ = {isa = PBXFileReference; includeInIndex = 1; lastKnownFileType = text.xcconfig; name = "Pods-XFNetwork-master.release.xcconfig"; path = "Target Support Files/Pods-XFNetwork-master/Pods-XFNetwork-master.release.xcconfig"; sourceTree = "<group>"; };
		6E08C84B23D447AB00EB2E20 /* XFNetwork-master.app */ = {isa = PBXFileReference; explicitFileType = wrapper.application; includeInIndex = 0; path = "XFNetwork-master.app"; sourceTree = BUILT_PRODUCTS_DIR; };
		6E08C84E23D447AB00EB2E20 /* AppDelegate.h */ = {isa = PBXFileReference; lastKnownFileType = sourcecode.c.h; path = AppDelegate.h; sourceTree = "<group>"; };
		6E08C84F23D447AB00EB2E20 /* AppDelegate.m */ = {isa = PBXFileReference; lastKnownFileType = sourcecode.c.objc; path = AppDelegate.m; sourceTree = "<group>"; };
		6E08C85423D447AB00EB2E20 /* ViewController.h */ = {isa = PBXFileReference; lastKnownFileType = sourcecode.c.h; path = ViewController.h; sourceTree = "<group>"; };
		6E08C85523D447AB00EB2E20 /* ViewController.m */ = {isa = PBXFileReference; lastKnownFileType = sourcecode.c.objc; path = ViewController.m; sourceTree = "<group>"; };
		6E08C85823D447AB00EB2E20 /* Base */ = {isa = PBXFileReference; lastKnownFileType = file.storyboard; name = Base; path = Base.lproj/Main.storyboard; sourceTree = "<group>"; };
		6E08C85A23D447B000EB2E20 /* Assets.xcassets */ = {isa = PBXFileReference; lastKnownFileType = folder.assetcatalog; path = Assets.xcassets; sourceTree = "<group>"; };
		6E08C85D23D447B000EB2E20 /* Base */ = {isa = PBXFileReference; lastKnownFileType = file.storyboard; name = Base; path = Base.lproj/LaunchScreen.storyboard; sourceTree = "<group>"; };
		6E08C85F23D447B000EB2E20 /* Info.plist */ = {isa = PBXFileReference; lastKnownFileType = text.plist.xml; path = Info.plist; sourceTree = "<group>"; };
		6E08C86023D447B000EB2E20 /* main.m */ = {isa = PBXFileReference; lastKnownFileType = sourcecode.c.objc; path = main.m; sourceTree = "<group>"; };
		6E08C86A23D44FDD00EB2E20 /* TBService.h */ = {isa = PBXFileReference; lastKnownFileType = sourcecode.c.h; path = TBService.h; sourceTree = "<group>"; };
		6E08C86B23D44FDD00EB2E20 /* TBService.m */ = {isa = PBXFileReference; lastKnownFileType = sourcecode.c.objc; path = TBService.m; sourceTree = "<group>"; };
		6E08C86D23D44FE800EB2E20 /* TBReformer.h */ = {isa = PBXFileReference; lastKnownFileType = sourcecode.c.h; path = TBReformer.h; sourceTree = "<group>"; };
		6E08C86E23D44FE800EB2E20 /* TBReformer.m */ = {isa = PBXFileReference; lastKnownFileType = sourcecode.c.objc; path = TBReformer.m; sourceTree = "<group>"; };
		72E3816AFE328DD31D2DC3B7 /* Pods-XFNetwork-master.debug.xcconfig */ = {isa = PBXFileReference; includeInIndex = 1; lastKnownFileType = text.xcconfig; name = "Pods-XFNetwork-master.debug.xcconfig"; path = "Target Support Files/Pods-XFNetwork-master/Pods-XFNetwork-master.debug.xcconfig"; sourceTree = "<group>"; };
		95353C145C7015254B3420A5 /* libPods-XFNetwork-master.a */ = {isa = PBXFileReference; explicitFileType = archive.ar; includeInIndex = 0; path = "libPods-XFNetwork-master.a"; sourceTree = BUILT_PRODUCTS_DIR; };
/* End PBXFileReference section */

/* Begin PBXFrameworksBuildPhase section */
		6E08C84823D447AB00EB2E20 /* Frameworks */ = {
			isa = PBXFrameworksBuildPhase;
			buildActionMask = 2147483647;
			files = (
				F2DCAD8B2ADFD2B08A0F97AF /* libPods-XFNetwork-master.a in Frameworks */,
			);
			runOnlyForDeploymentPostprocessing = 0;
		};
/* End PBXFrameworksBuildPhase section */

/* Begin PBXGroup section */
		0AFB470B6D79CDB53E410720 /* Frameworks */ = {
			isa = PBXGroup;
			children = (
				95353C145C7015254B3420A5 /* libPods-XFNetwork-master.a */,
			);
			name = Frameworks;
			sourceTree = "<group>";
		};
		4A7B74C124FA95C12A129157 /* Pods */ = {
			isa = PBXGroup;
			children = (
				72E3816AFE328DD31D2DC3B7 /* Pods-XFNetwork-master.debug.xcconfig */,
				509F09D025EC83ACC13D8BC2 /* Pods-XFNetwork-master.release.xcconfig */,
			);
			path = Pods;
			sourceTree = "<group>";
		};
		6E08C84223D447AB00EB2E20 = {
			isa = PBXGroup;
			children = (
				6E08C84D23D447AB00EB2E20 /* XFNetwork-master */,
				6E08C84C23D447AB00EB2E20 /* Products */,
				4A7B74C124FA95C12A129157 /* Pods */,
				0AFB470B6D79CDB53E410720 /* Frameworks */,
			);
			sourceTree = "<group>";
		};
		6E08C84C23D447AB00EB2E20 /* Products */ = {
			isa = PBXGroup;
			children = (
				6E08C84B23D447AB00EB2E20 /* XFNetwork-master.app */,
			);
			name = Products;
			sourceTree = "<group>";
		};
		6E08C84D23D447AB00EB2E20 /* XFNetwork-master */ = {
			isa = PBXGroup;
			children = (
				6E08C84E23D447AB00EB2E20 /* AppDelegate.h */,
				6E08C84F23D447AB00EB2E20 /* AppDelegate.m */,
				6E08C85423D447AB00EB2E20 /* ViewController.h */,
				6E08C85523D447AB00EB2E20 /* ViewController.m */,
				6E08C86723D44F8900EB2E20 /* BusinessNetwork */,
				6E08C85723D447AB00EB2E20 /* Main.storyboard */,
				6E08C85A23D447B000EB2E20 /* Assets.xcassets */,
				6E08C85C23D447B000EB2E20 /* LaunchScreen.storyboard */,
				6E08C85F23D447B000EB2E20 /* Info.plist */,
				6E08C86023D447B000EB2E20 /* main.m */,
			);
			path = "XFNetwork-master";
			sourceTree = "<group>";
		};
		6E08C86723D44F8900EB2E20 /* BusinessNetwork */ = {
			isa = PBXGroup;
			children = (
				6E08C86923D44FC000EB2E20 /* BusinessService */,
				6E08C86823D44FB700EB2E20 /* BusinessReformer */,
			);
			path = BusinessNetwork;
			sourceTree = "<group>";
		};
		6E08C86823D44FB700EB2E20 /* BusinessReformer */ = {
			isa = PBXGroup;
			children = (
				6E08C86D23D44FE800EB2E20 /* TBReformer.h */,
				6E08C86E23D44FE800EB2E20 /* TBReformer.m */,
			);
			path = BusinessReformer;
			sourceTree = "<group>";
		};
		6E08C86923D44FC000EB2E20 /* BusinessService */ = {
			isa = PBXGroup;
			children = (
				6E08C86A23D44FDD00EB2E20 /* TBService.h */,
				6E08C86B23D44FDD00EB2E20 /* TBService.m */,
			);
			path = BusinessService;
			sourceTree = "<group>";
		};
/* End PBXGroup section */

/* Begin PBXNativeTarget section */
		6E08C84A23D447AB00EB2E20 /* XFNetwork-master */ = {
			isa = PBXNativeTarget;
			buildConfigurationList = 6E08C86423D447B000EB2E20 /* Build configuration list for PBXNativeTarget "XFNetwork-master" */;
			buildPhases = (
				D304D3A8EAF21A03234AA0B0 /* [CP] Check Pods Manifest.lock */,
				6E08C84723D447AB00EB2E20 /* Sources */,
				6E08C84823D447AB00EB2E20 /* Frameworks */,
				6E08C84923D447AB00EB2E20 /* Resources */,
			);
			buildRules = (
			);
			dependencies = (
			);
			name = "XFNetwork-master";
			productName = "XFNetwork-master";
			productReference = 6E08C84B23D447AB00EB2E20 /* XFNetwork-master.app */;
			productType = "com.apple.product-type.application";
		};
/* End PBXNativeTarget section */

/* Begin PBXProject section */
		6E08C84323D447AB00EB2E20 /* Project object */ = {
			isa = PBXProject;
			attributes = {
				LastUpgradeCheck = 1130;
				ORGANIZATIONNAME = Lotheve;
				TargetAttributes = {
					6E08C84A23D447AB00EB2E20 = {
						CreatedOnToolsVersion = 11.3;
					};
				};
			};
			buildConfigurationList = 6E08C84623D447AB00EB2E20 /* Build configuration list for PBXProject "XFNetwork-master" */;
			compatibilityVersion = "Xcode 9.3";
			developmentRegion = en;
			hasScannedForEncodings = 0;
			knownRegions = (
				en,
				Base,
			);
			mainGroup = 6E08C84223D447AB00EB2E20;
			productRefGroup = 6E08C84C23D447AB00EB2E20 /* Products */;
			projectDirPath = "";
			projectRoot = "";
			targets = (
				6E08C84A23D447AB00EB2E20 /* XFNetwork-master */,
			);
		};
/* End PBXProject section */

/* Begin PBXResourcesBuildPhase section */
		6E08C84923D447AB00EB2E20 /* Resources */ = {
			isa = PBXResourcesBuildPhase;
			buildActionMask = 2147483647;
			files = (
				6E08C85E23D447B000EB2E20 /* LaunchScreen.storyboard in Resources */,
				6E08C85B23D447B000EB2E20 /* Assets.xcassets in Resources */,
				6E08C85923D447AB00EB2E20 /* Main.storyboard in Resources */,
			);
			runOnlyForDeploymentPostprocessing = 0;
		};
/* End PBXResourcesBuildPhase section */

/* Begin PBXShellScriptBuildPhase section */
		D304D3A8EAF21A03234AA0B0 /* [CP] Check Pods Manifest.lock */ = {
			isa = PBXShellScriptBuildPhase;
			buildActionMask = 2147483647;
			files = (
			);
			inputFileListPaths = (
			);
			inputPaths = (
				"${PODS_PODFILE_DIR_PATH}/Podfile.lock",
				"${PODS_ROOT}/Manifest.lock",
			);
			name = "[CP] Check Pods Manifest.lock";
			outputFileListPaths = (
			);
			outputPaths = (
				"$(DERIVED_FILE_DIR)/Pods-XFNetwork-master-checkManifestLockResult.txt",
			);
			runOnlyForDeploymentPostprocessing = 0;
			shellPath = /bin/sh;
			shellScript = "diff \"${PODS_PODFILE_DIR_PATH}/Podfile.lock\" \"${PODS_ROOT}/Manifest.lock\" > /dev/null\nif [ $? != 0 ] ; then\n    # print error to STDERR\n    echo \"error: The sandbox is not in sync with the Podfile.lock. Run 'pod install' or update your CocoaPods installation.\" >&2\n    exit 1\nfi\n# This output is used by Xcode 'outputs' to avoid re-running this script phase.\necho \"SUCCESS\" > \"${SCRIPT_OUTPUT_FILE_0}\"\n";
			showEnvVarsInLog = 0;
		};
/* End PBXShellScriptBuildPhase section */

/* Begin PBXSourcesBuildPhase section */
		6E08C84723D447AB00EB2E20 /* Sources */ = {
			isa = PBXSourcesBuildPhase;
			buildActionMask = 2147483647;
			files = (
				6E08C85623D447AB00EB2E20 /* ViewController.m in Sources */,
				6E08C86C23D44FDD00EB2E20 /* TBService.m in Sources */,
				6E08C86F23D44FE800EB2E20 /* TBReformer.m in Sources */,
				6E08C85023D447AB00EB2E20 /* AppDelegate.m in Sources */,
				6E08C86123D447B000EB2E20 /* main.m in Sources */,
			);
			runOnlyForDeploymentPostprocessing = 0;
		};
/* End PBXSourcesBuildPhase section */

/* Begin PBXVariantGroup section */
		6E08C85723D447AB00EB2E20 /* Main.storyboard */ = {
			isa = PBXVariantGroup;
			children = (
				6E08C85823D447AB00EB2E20 /* Base */,
			);
			name = Main.storyboard;
			sourceTree = "<group>";
		};
		6E08C85C23D447B000EB2E20 /* LaunchScreen.storyboard */ = {
			isa = PBXVariantGroup;
			children = (
				6E08C85D23D447B000EB2E20 /* Base */,
			);
			name = LaunchScreen.storyboard;
			sourceTree = "<group>";
		};
/* End PBXVariantGroup section */

/* Begin XCBuildConfiguration section */
		6E08C86223D447B000EB2E20 /* Debug */ = {
			isa = XCBuildConfiguration;
			buildSettings = {
				ALWAYS_SEARCH_USER_PATHS = NO;
				CLANG_ANALYZER_NONNULL = YES;
				CLANG_ANALYZER_NUMBER_OBJECT_CONVERSION = YES_AGGRESSIVE;
				CLANG_CXX_LANGUAGE_STANDARD = "gnu++14";
				CLANG_CXX_LIBRARY = "libc++";
				CLANG_ENABLE_MODULES = YES;
				CLANG_ENABLE_OBJC_ARC = YES;
				CLANG_ENABLE_OBJC_WEAK = YES;
				CLANG_WARN_BLOCK_CAPTURE_AUTORELEASING = YES;
				CLANG_WARN_BOOL_CONVERSION = YES;
				CLANG_WARN_COMMA = YES;
				CLANG_WARN_CONSTANT_CONVERSION = YES;
				CLANG_WARN_DEPRECATED_OBJC_IMPLEMENTATIONS = YES;
				CLANG_WARN_DIRECT_OBJC_ISA_USAGE = YES_ERROR;
				CLANG_WARN_DOCUMENTATION_COMMENTS = YES;
				CLANG_WARN_EMPTY_BODY = YES;
				CLANG_WARN_ENUM_CONVERSION = YES;
				CLANG_WARN_INFINITE_RECURSION = YES;
				CLANG_WARN_INT_CONVERSION = YES;
				CLANG_WARN_NON_LITERAL_NULL_CONVERSION = YES;
				CLANG_WARN_OBJC_IMPLICIT_RETAIN_SELF = YES;
				CLANG_WARN_OBJC_LITERAL_CONVERSION = YES;
				CLANG_WARN_OBJC_ROOT_CLASS = YES_ERROR;
				CLANG_WARN_RANGE_LOOP_ANALYSIS = YES;
				CLANG_WARN_STRICT_PROTOTYPES = YES;
				CLANG_WARN_SUSPICIOUS_MOVE = YES;
				CLANG_WARN_UNGUARDED_AVAILABILITY = YES_AGGRESSIVE;
				CLANG_WARN_UNREACHABLE_CODE = YES;
				CLANG_WARN__DUPLICATE_METHOD_MATCH = YES;
				COPY_PHASE_STRIP = NO;
				DEBUG_INFORMATION_FORMAT = dwarf;
				ENABLE_STRICT_OBJC_MSGSEND = YES;
				ENABLE_TESTABILITY = YES;
				GCC_C_LANGUAGE_STANDARD = gnu11;
				GCC_DYNAMIC_NO_PIC = NO;
				GCC_NO_COMMON_BLOCKS = YES;
				GCC_OPTIMIZATION_LEVEL = 0;
				GCC_PREPROCESSOR_DEFINITIONS = (
					"DEBUG=1",
					"$(inherited)",
				);
				GCC_WARN_64_TO_32_BIT_CONVERSION = YES;
				GCC_WARN_ABOUT_RETURN_TYPE = YES_ERROR;
				GCC_WARN_UNDECLARED_SELECTOR = YES;
				GCC_WARN_UNINITIALIZED_AUTOS = YES_AGGRESSIVE;
				GCC_WARN_UNUSED_FUNCTION = YES;
				GCC_WARN_UNUSED_VARIABLE = YES;
				IPHONEOS_DEPLOYMENT_TARGET = 13.2;
				MTL_ENABLE_DEBUG_INFO = INCLUDE_SOURCE;
				MTL_FAST_MATH = YES;
				ONLY_ACTIVE_ARCH = YES;
				SDKROOT = iphoneos;
			};
			name = Debug;
		};
		6E08C86323D447B000EB2E20 /* Release */ = {
			isa = XCBuildConfiguration;
			buildSettings = {
				ALWAYS_SEARCH_USER_PATHS = NO;
				CLANG_ANALYZER_NONNULL = YES;
				CLANG_ANALYZER_NUMBER_OBJECT_CONVERSION = YES_AGGRESSIVE;
				CLANG_CXX_LANGUAGE_STANDARD = "gnu++14";
				CLANG_CXX_LIBRARY = "libc++";
				CLANG_ENABLE_MODULES = YES;
				CLANG_ENABLE_OBJC_ARC = YES;
				CLANG_ENABLE_OBJC_WEAK = YES;
				CLANG_WARN_BLOCK_CAPTURE_AUTORELEASING = YES;
				CLANG_WARN_BOOL_CONVERSION = YES;
				CLANG_WARN_COMMA = YES;
				CLANG_WARN_CONSTANT_CONVERSION = YES;
				CLANG_WARN_DEPRECATED_OBJC_IMPLEMENTATIONS = YES;
				CLANG_WARN_DIRECT_OBJC_ISA_USAGE = YES_ERROR;
				CLANG_WARN_DOCUMENTATION_COMMENTS = YES;
				CLANG_WARN_EMPTY_BODY = YES;
				CLANG_WARN_ENUM_CONVERSION = YES;
				CLANG_WARN_INFINITE_RECURSION = YES;
				CLANG_WARN_INT_CONVERSION = YES;
				CLANG_WARN_NON_LITERAL_NULL_CONVERSION = YES;
				CLANG_WARN_OBJC_IMPLICIT_RETAIN_SELF = YES;
				CLANG_WARN_OBJC_LITERAL_CONVERSION = YES;
				CLANG_WARN_OBJC_ROOT_CLASS = YES_ERROR;
				CLANG_WARN_RANGE_LOOP_ANALYSIS = YES;
				CLANG_WARN_STRICT_PROTOTYPES = YES;
				CLANG_WARN_SUSPICIOUS_MOVE = YES;
				CLANG_WARN_UNGUARDED_AVAILABILITY = YES_AGGRESSIVE;
				CLANG_WARN_UNREACHABLE_CODE = YES;
				CLANG_WARN__DUPLICATE_METHOD_MATCH = YES;
				COPY_PHASE_STRIP = NO;
				DEBUG_INFORMATION_FORMAT = "dwarf-with-dsym";
				ENABLE_NS_ASSERTIONS = NO;
				ENABLE_STRICT_OBJC_MSGSEND = YES;
				GCC_C_LANGUAGE_STANDARD = gnu11;
				GCC_NO_COMMON_BLOCKS = YES;
				GCC_WARN_64_TO_32_BIT_CONVERSION = YES;
				GCC_WARN_ABOUT_RETURN_TYPE = YES_ERROR;
				GCC_WARN_UNDECLARED_SELECTOR = YES;
				GCC_WARN_UNINITIALIZED_AUTOS = YES_AGGRESSIVE;
				GCC_WARN_UNUSED_FUNCTION = YES;
				GCC_WARN_UNUSED_VARIABLE = YES;
				IPHONEOS_DEPLOYMENT_TARGET = 13.2;
				MTL_ENABLE_DEBUG_INFO = NO;
				MTL_FAST_MATH = YES;
				SDKROOT = iphoneos;
				VALIDATE_PRODUCT = YES;
			};
			name = Release;
		};
		6E08C86523D447B000EB2E20 /* Debug */ = {
			isa = XCBuildConfiguration;
			baseConfigurationReference = 72E3816AFE328DD31D2DC3B7 /* Pods-XFNetwork-master.debug.xcconfig */;
			buildSettings = {
				ASSETCATALOG_COMPILER_APPICON_NAME = AppIcon;
				CODE_SIGN_STYLE = Automatic;
				DEVELOPMENT_TEAM = DVA5NZ84PS;
				INFOPLIST_FILE = "XFNetwork-master/Info.plist";
				IPHONEOS_DEPLOYMENT_TARGET = 9.0;
				LD_RUNPATH_SEARCH_PATHS = (
					"$(inherited)",
					"@executable_path/Frameworks",
				);
				PRODUCT_BUNDLE_IDENTIFIER = "lotheve.XFNetwork-master";
				PRODUCT_NAME = "$(TARGET_NAME)";
				TARGETED_DEVICE_FAMILY = "1,2";
			};
			name = Debug;
		};
		6E08C86623D447B000EB2E20 /* Release */ = {
			isa = XCBuildConfiguration;
			baseConfigurationReference = 509F09D025EC83ACC13D8BC2 /* Pods-XFNetwork-master.release.xcconfig */;
			buildSettings = {
				ASSETCATALOG_COMPILER_APPICON_NAME = AppIcon;
				CODE_SIGN_STYLE = Automatic;
				DEVELOPMENT_TEAM = DVA5NZ84PS;
				INFOPLIST_FILE = "XFNetwork-master/Info.plist";
				IPHONEOS_DEPLOYMENT_TARGET = 9.0;
				LD_RUNPATH_SEARCH_PATHS = (
					"$(inherited)",
					"@executable_path/Frameworks",
				);
				PRODUCT_BUNDLE_IDENTIFIER = "lotheve.XFNetwork-master";
				PRODUCT_NAME = "$(TARGET_NAME)";
				TARGETED_DEVICE_FAMILY = "1,2";
			};
			name = Release;
		};
/* End XCBuildConfiguration section */

/* Begin XCConfigurationList section */
		6E08C84623D447AB00EB2E20 /* Build configuration list for PBXProject "XFNetwork-master" */ = {
			isa = XCConfigurationList;
			buildConfigurations = (
				6E08C86223D447B000EB2E20 /* Debug */,
				6E08C86323D447B000EB2E20 /* Release */,
			);
			defaultConfigurationIsVisible = 0;
			defaultConfigurationName = Release;
		};
		6E08C86423D447B000EB2E20 /* Build configuration list for PBXNativeTarget "XFNetwork-master" */ = {
			isa = XCConfigurationList;
			buildConfigurations = (
				6E08C86523D447B000EB2E20 /* Debug */,
				6E08C86623D447B000EB2E20 /* Release */,
			);
			defaultConfigurationIsVisible = 0;
			defaultConfigurationName = Release;
		};
/* End XCConfigurationList section */
	};
	rootObject = 6E08C84323D447AB00EB2E20 /* Project object */;
}
